
Microsoft Visual Studio Solution File, Format Version 12.00
# Visual Studio Version 17
VisualStudioVersion = 17.9.34723.18
MinimumVisualStudioVersion = 10.0.40219.1
Project("{FAE04EC0-301F-11D3-BF4B-00C04F79EFBC}") = "JwtAuthAspNet8WebApi", "JwtAuthAspNet8WebApi\JwtAuthAspNet8WebApi.csproj", "{F02DF7FA-283B-4B91-8024-ADE748D64E66}"
EndProject
Global
	GlobalSection(SolutionConfigurationPlatforms) = preSolution
		Debug|Any CPU = Debug|Any CPU
		Release|Any CPU = Release|Any CPU
	EndGlobalSection
	GlobalSection(ProjectConfigurationPlatforms) = postSolution
		{F02DF7FA-283B-4B91-8024-ADE748D64E66}.Debug|Any CPU.ActiveCfg = Debug|Any CPU
		{F02DF7FA-283B-4B91-8024-ADE748D64E66}.Debug|Any CPU.Build.0 = Debug|Any CPU
		{F02DF7FA-283B-4B91-8024-ADE748D64E66}.Release|Any CPU.ActiveCfg = Release|Any CPU
		{F02DF7FA-283B-4B91-8024-ADE748D64E66}.Release|Any CPU.Build.0 = Release|Any CPU
	EndGlobalSection
	GlobalSection(SolutionProperties) = preSolution
		HideSolutionNode = FALSE
	EndGlobalSection
	GlobalSection(ExtensibilityGlobals) = postSolution
		SolutionGuid = {F461C9C4-FE05-4CDD-A432-0358EB261615}
	EndGlobalSection
EndGlobal
